# Exact tested versions; refresh with scripts/lock_dependencies.py.
aiosqlite==0.22.1
alembic==1.19.1
annotated-doc==0.0.5
annotated-types==0.8.0
anyio==4.14.2
asyncpg==0.31.0
attrs==26.1.0
bandit==1.9.4
boolean.py==5.0
cachecontrol==0.14.4
certifi==2026.7.22
charset-normalizer==3.5.1
click==8.5.0
colorama==0.4.6
coverage==7.15.4
cyclonedx-python-lib==11.12.0
defusedxml==0.7.1
fakeredis==2.37.1
fastapi==0.141.1
filelock==3.32.4
googleapis-common-protos==1.75.2
greenlet==3.5.5
h11==0.16.0
httpcore==1.0.9
httpx==0.28.1
hypothesis==6.165.10
idna==3.19
iniconfig==2.3.0
jsonschema==4.26.0
jsonschema-specifications==2025.9.1
librt==0.15.0
license-expression==30.4.4
lupa==2.8
mako==1.4.1
markdown-it-py==4.2.0
markupsafe==3.0.3
mdurl==0.1.2
msgpack==1.2.1
mypy==1.20.2
mypy-extensions==1.1.0
opentelemetry-api==1.44.0
opentelemetry-exporter-otlp-proto-common==1.44.0
opentelemetry-exporter-otlp-proto-http==1.44.0
opentelemetry-proto==1.44.0
opentelemetry-sdk==1.44.0
opentelemetry-semantic-conventions==0.65b0
packageurl-python==0.17.6
packaging==26.3
pathspec==1.1.1
pip-api==0.0.34
pip-audit==2.10.1
pip-requirements-parser==32.0.1
platformdirs==4.11.4
pluggy==1.6.0
prometheus-client==0.26.0
protobuf==7.36.0
py-serializable==2.1.0
pydantic==2.13.4
pydantic-core==2.46.4
pydantic-settings==2.15.0
pygments==2.21.0
pyparsing==3.3.2
pytest==9.1.1
pytest-asyncio==1.4.0
pytest-cov==7.1.0
python-dotenv==1.2.3
pyyaml==6.0.3
redis==6.4.0
referencing==0.37.0
requests==2.34.2
rich==15.0.0
rpds-py==2026.6.3
ruff==0.16.4
sortedcontainers==2.4.0
sqlalchemy==2.0.52
starlette==1.6.0
stevedore==5.9.1
tomli==2.4.1
tomli-w==1.2.0
types-jsonschema==4.26.0.20260518
typing-extensions==4.16.0
typing-inspection==0.4.4
urllib3==2.7.0
uvicorn==0.52.4
